// !$*UTF8*$!
{
	archiveVersion = 1;
	classes = {
	};
	objectVersion = 46;
	objects = {

/* Begin PBXBuildFile section */
		5E0C7D4B1E6D93A90050A6E0 /* main.m in Sources */ = {isa = PBXBuildFile; fileRef = 5E0C7D4A1E6D93A90050A6E0 /* main.m */; };
		5E0C7D4E1E6D93A90050A6E0 /* AppDelegate.m in Sources */ = {isa = PBXBuildFile; fileRef = 5E0C7D4D1E6D93A90050A6E0 /* AppDelegate.m */; };
		5E0C7D511E6D93A90050A6E0 /* ViewController.m in Sources */ = {isa = PBXBuildFile; fileRef = 5E0C7D501E6D93A90050A6E0 /* ViewController.m */; };
		5E0C7D541E6D93A90050A6E0 /* Main.storyboard in Resources */ = {isa = PBXBuildFile; fileRef = 5E0C7D521E6D93A90050A6E0 /* Main.storyboard */; };
		5E0C7D561E6D93A90050A6E0 /* Assets.xcassets in Resources */ = {isa = PBXBuildFile; fileRef = 5E0C7D551E6D93A90050A6E0 /* Assets.xcassets */; };
		5E0C7D591E6D93A90050A6E0 /* LaunchScreen.storyboard in Resources */ = {isa = PBXBuildFile; fileRef = 5E0C7D571E6D93A90050A6E0 /* LaunchScreen.storyboard */; };
		5E0C7D631E6D93D60050A6E0 /* XLCycleCell.m in Sources */ = {isa = PBXBuildFile; fileRef = 5E0C7D621E6D93D60050A6E0 /* XLCycleCell.m */; };
		5E0C7D661E6D93EC0050A6E0 /* XLCycleCollectionView.m in Sources */ = {isa = PBXBuildFile; fileRef = 5E0C7D651E6D93EC0050A6E0 /* XLCycleCollectionView.m */; };
/* End PBXBuildFile section */

/* Begin PBXFileReference section */
		5E0C7D461E6D93A90050A6E0 /* XLCycleCollectionViewDemo.app */ = {isa = PBXFileReference; explicitFileType = wrapper.application; includeInIndex = 0; path = XLCycleCollectionViewDemo.app; sourceTree = BUILT_PRODUCTS_DIR; };
		5E0C7D4A1E6D93A90050A6E0 /* main.m */ = {isa = PBXFileReference; lastKnownFileType = sourcecode.c.objc; path = main.m; sourceTree = "<group>"; };
		5E0C7D4C1E6D93A90050A6E0 /* AppDelegate.h */ = {isa = PBXFileReference; lastKnownFileType = sourcecode.c.h; path = AppDelegate.h; sourceTree = "<group>"; };
		5E0C7D4D1E6D93A90050A6E0 /* AppDelegate.m */ = {isa = PBXFileReference; lastKnownFileType = sourcecode.c.objc; path = AppDelegate.m; sourceTree = "<group>"; };
		5E0C7D4F1E6D93A90050A6E0 /* ViewController.h */ = {isa = PBXFileReference; lastKnownFileType = sourcecode.c.h; path = ViewController.h; sourceTree = "<group>"; };
		5E0C7D501E6D93A90050A6E0 /* ViewController.m */ = {isa = PBXFileReference; lastKnownFileType = sourcecode.c.objc; path = ViewController.m; sourceTree = "<group>"; };
		5E0C7D531E6D93A90050A6E0 /* Base */ = {isa = PBXFileReference; lastKnownFileType = file.storyboard; name = Base; path = Base.lproj/Main.storyboard; sourceTree = "<group>"; };
		5E0C7D551E6D93A90050A6E0 /* Assets.xcassets */ = {isa = PBXFileReference; lastKnownFileType = folder.assetcatalog; path = Assets.xcassets; sourceTree = "<group>"; };
		5E0C7D581E6D93A90050A6E0 /* Base */ = {isa = PBXFileReference; lastKnownFileType = file.storyboard; name = Base; path = Base.lproj/LaunchScreen.storyboard; sourceTree = "<group>"; };
		5E0C7D5A1E6D93A90050A6E0 /* Info.plist */ = {isa = PBXFileReference; lastKnownFileType = text.plist.xml; path = Info.plist; sourceTree = "<group>"; };
		5E0C7D611E6D93D60050A6E0 /* XLCycleCell.h */ = {isa = PBXFileReference; fileEncoding = 4; lastKnownFileType = sourcecode.c.h; path = XLCycleCell.h; sourceTree = "<group>"; };
		5E0C7D621E6D93D60050A6E0 /* XLCycleCell.m */ = {isa = PBXFileReference; fileEncoding = 4; lastKnownFileType = sourcecode.c.objc; path = XLCycleCell.m; sourceTree = "<group>"; };
		5E0C7D641E6D93EC0050A6E0 /* XLCycleCollectionView.h */ = {isa = PBXFileReference; fileEncoding = 4; lastKnownFileType = sourcecode.c.h; path = XLCycleCollectionView.h; sourceTree = "<group>"; };
		5E0C7D651E6D93EC0050A6E0 /* XLCycleCollectionView.m */ = {isa = PBXFileReference; fileEncoding = 4; lastKnownFileType = sourcecode.c.objc; path = XLCycleCollectionView.m; sourceTree = "<group>"; };
/* End PBXFileReference section */

/* Begin PBXFrameworksBuildPhase section */
		5E0C7D431E6D93A90050A6E0 /* Frameworks */ = {
			isa = PBXFrameworksBuildPhase;
			buildActionMask = 2147483647;
			files = (
			);
			runOnlyForDeploymentPostprocessing = 0;
		};
/* End PBXFrameworksBuildPhase section */

/* Begin PBXGroup section */
		5E0C7D3D1E6D93A90050A6E0 = {
			isa = PBXGroup;
			children = (
				5E0C7D601E6D93C30050A6E0 /* XLCycleCollectionView */,
				5E0C7D481E6D93A90050A6E0 /* XLCycleCollectionViewDemo */,
				5E0C7D471E6D93A90050A6E0 /* Products */,
			);
			sourceTree = "<group>";
		};
		5E0C7D471E6D93A90050A6E0 /* Products */ = {
			isa = PBXGroup;
			children = (
				5E0C7D461E6D93A90050A6E0 /* XLCycleCollectionViewDemo.app */,
			);
			name = Products;
			sourceTree = "<group>";
		};
		5E0C7D481E6D93A90050A6E0 /* XLCycleCollectionViewDemo */ = {
			isa = PBXGroup;
			children = (
				5E0C7D4C1E6D93A90050A6E0 /* AppDelegate.h */,
				5E0C7D4D1E6D93A90050A6E0 /* AppDelegate.m */,
				5E0C7D4F1E6D93A90050A6E0 /* ViewController.h */,
				5E0C7D501E6D93A90050A6E0 /* ViewController.m */,
				5E0C7D521E6D93A90050A6E0 /* Main.storyboard */,
				5E0C7D551E6D93A90050A6E0 /* Assets.xcassets */,
				5E0C7D571E6D93A90050A6E0 /* LaunchScreen.storyboard */,
				5E0C7D5A1E6D93A90050A6E0 /* Info.plist */,
				5E0C7D491E6D93A90050A6E0 /* Supporting Files */,
			);
			path = XLCycleCollectionViewDemo;
			sourceTree = "<group>";
		};
		5E0C7D491E6D93A90050A6E0 /* Supporting Files */ = {
			isa = PBXGroup;
			children = (
				5E0C7D4A1E6D93A90050A6E0 /* main.m */,
			);
			name = "Supporting Files";
			sourceTree = "<group>";
		};
		5E0C7D601E6D93C30050A6E0 /* XLCycleCollectionView */ = {
			isa = PBXGroup;
			children = (
				5E0C7D641E6D93EC0050A6E0 /* XLCycleCollectionView.h */,
				5E0C7D651E6D93EC0050A6E0 /* XLCycleCollectionView.m */,
				5E0C7D611E6D93D60050A6E0 /* XLCycleCell.h */,
				5E0C7D621E6D93D60050A6E0 /* XLCycleCell.m */,
			);
			path = XLCycleCollectionView;
			sourceTree = "<group>";
		};
/* End PBXGroup section */

/* Begin PBXNativeTarget section */
		5E0C7D451E6D93A90050A6E0 /* XLCycleCollectionViewDemo */ = {
			isa = PBXNativeTarget;
			buildConfigurationList = 5E0C7D5D1E6D93A90050A6E0 /* Build configuration list for PBXNativeTarget "XLCycleCollectionViewDemo" */;
			buildPhases = (
				5E0C7D421E6D93A90050A6E0 /* Sources */,
				5E0C7D431E6D93A90050A6E0 /* Frameworks */,
				5E0C7D441E6D93A90050A6E0 /* Resources */,
			);
			buildRules = (
			);
			dependencies = (
			);
			name = XLCycleCollectionViewDemo;
			productName = XLCycleCollectionViewDemo;
			productReference = 5E0C7D461E6D93A90050A6E0 /* XLCycleCollectionViewDemo.app */;
			productType = "com.apple.product-type.application";
		};
/* End PBXNativeTarget section */

/* Begin PBXProject section */
		5E0C7D3E1E6D93A90050A6E0 /* Project object */ = {
			isa = PBXProject;
			attributes = {
				LastUpgradeCheck = 0820;
				ORGANIZATIONNAME = MengXianLiang;
				TargetAttributes = {
					5E0C7D451E6D93A90050A6E0 = {
						CreatedOnToolsVersion = 8.2.1;
						DevelopmentTeam = X496RVQDTB;
						ProvisioningStyle = Automatic;
					};
				};
			};
			buildConfigurationList = 5E0C7D411E6D93A90050A6E0 /* Build configuration list for PBXProject "XLCycleCollectionViewDemo" */;
			compatibilityVersion = "Xcode 3.2";
			developmentRegion = English;
			hasScannedForEncodings = 0;
			knownRegions = (
				en,
				Base,
			);
			mainGroup = 5E0C7D3D1E6D93A90050A6E0;
			productRefGroup = 5E0C7D471E6D93A90050A6E0 /* Products */;
			projectDirPath = "";
			projectRoot = "";
			targets = (
				5E0C7D451E6D93A90050A6E0 /* XLCycleCollectionViewDemo */,
			);
		};
/* End PBXProject section */

/* Begin PBXResourcesBuildPhase section */
		5E0C7D441E6D93A90050A6E0 /* Resources */ = {
			isa = PBXResourcesBuildPhase;
			buildActionMask = 2147483647;
			files = (
				5E0C7D591E6D93A90050A6E0 /* LaunchScreen.storyboard in Resources */,
				5E0C7D561E6D93A90050A6E0 /* Assets.xcassets in Resources */,
				5E0C7D541E6D93A90050A6E0 /* Main.storyboard in Resources */,
			);
			runOnlyForDeploymentPostprocessing = 0;
		};
/* End PBXResourcesBuildPhase section */

/* Begin PBXSourcesBuildPhase section */
		5E0C7D421E6D93A90050A6E0 /* Sources */ = {
			isa = PBXSourcesBuildPhase;
			buildActionMask = 2147483647;
			files = (
				5E0C7D631E6D93D60050A6E0 /* XLCycleCell.m in Sources */,
				5E0C7D511E6D93A90050A6E0 /* ViewController.m in Sources */,
				5E0C7D4E1E6D93A90050A6E0 /* AppDelegate.m in Sources */,
				5E0C7D4B1E6D93A90050A6E0 /* main.m in Sources */,
				5E0C7D661E6D93EC0050A6E0 /* XLCycleCollectionView.m in Sources */,
			);
			runOnlyForDeploymentPostprocessing = 0;
		};
/* End PBXSourcesBuildPhase section */

/* Begin PBXVariantGroup section */
		5E0C7D521E6D93A90050A6E0 /* Main.storyboard */ = {
			isa = PBXVariantGroup;
			children = (
				5E0C7D531E6D93A90050A6E0 /* Base */,
			);
			name = Main.storyboard;
			sourceTree = "<group>";
		};
		5E0C7D571E6D93A90050A6E0 /* LaunchScreen.storyboard */ = {
			isa = PBXVariantGroup;
			children = (
				5E0C7D581E6D93A90050A6E0 /* Base */,
			);
			name = LaunchScreen.storyboard;
			sourceTree = "<group>";
		};
/* End PBXVariantGroup section */

/* Begin XCBuildConfiguration section */
		5E0C7D5B1E6D93A90050A6E0 /* Debug */ = {
			isa = XCBuildConfiguration;
			buildSettings = {
				ALWAYS_SEARCH_USER_PATHS = NO;
				CLANG_ANALYZER_NONNULL = YES;
				CLANG_CXX_LANGUAGE_STANDARD = "gnu++0x";
				CLANG_CXX_LIBRARY = "libc++";
				CLANG_ENABLE_MODULES = YES;
				CLANG_ENABLE_OBJC_ARC = YES;
				CLANG_WARN_BOOL_CONVERSION = YES;
				CLANG_WARN_CONSTANT_CONVERSION = YES;
				CLANG_WARN_DIRECT_OBJC_ISA_USAGE = YES_ERROR;
				CLANG_WARN_DOCUMENTATION_COMMENTS = YES;
				CLANG_WARN_EMPTY_BODY = YES;
				CLANG_WARN_ENUM_CONVERSION = YES;
				CLANG_WARN_INFINITE_RECURSION = YES;
				CLANG_WARN_INT_CONVERSION = YES;
				CLANG_WARN_OBJC_ROOT_CLASS = YES_ERROR;
				CLANG_WARN_SUSPICIOUS_MOVE = YES;
				CLANG_WARN_UNREACHABLE_CODE = YES;
				CLANG_WARN__DUPLICATE_METHOD_MATCH = YES;
				"CODE_SIGN_IDENTITY[sdk=iphoneos*]" = "iPhone Developer";
				COPY_PHASE_STRIP = NO;
				DEBUG_INFORMATION_FORMAT = dwarf;
				ENABLE_STRICT_OBJC_MSGSEND = YES;
				ENABLE_TESTABILITY = YES;
				GCC_C_LANGUAGE_STANDARD = gnu99;
				GCC_DYNAMIC_NO_PIC = NO;
				GCC_NO_COMMON_BLOCKS = YES;
				GCC_OPTIMIZATION_LEVEL = 0;
				GCC_PREPROCESSOR_DEFINITIONS = (
					"DEBUG=1",
					"$(inherited)",
				);
				GCC_WARN_64_TO_32_BIT_CONVERSION = YES;
				GCC_WARN_ABOUT_RETURN_TYPE = YES_ERROR;
				GCC_WARN_UNDECLARED_SELECTOR = YES;
				GCC_WARN_UNINITIALIZED_AUTOS = YES_AGGRESSIVE;
				GCC_WARN_UNUSED_FUNCTION = YES;
				GCC_WARN_UNUSED_VARIABLE = YES;
				IPHONEOS_DEPLOYMENT_TARGET = 10.2;
				MTL_ENABLE_DEBUG_INFO = YES;
				ONLY_ACTIVE_ARCH = YES;
				SDKROOT = iphoneos;
			};
			name = Debug;
		};
		5E0C7D5C1E6D93A90050A6E0 /* Release */ = {
			isa = XCBuildConfiguration;
			buildSettings = {
				ALWAYS_SEARCH_USER_PATHS = NO;
				CLANG_ANALYZER_NONNULL = YES;
				CLANG_CXX_LANGUAGE_STANDARD = "gnu++0x";
				CLANG_CXX_LIBRARY = "libc++";
				CLANG_ENABLE_MODULES = YES;
				CLANG_ENABLE_OBJC_ARC = YES;
				CLANG_WARN_BOOL_CONVERSION = YES;
				CLANG_WARN_CONSTANT_CONVERSION = YES;
				CLANG_WARN_DIRECT_OBJC_ISA_USAGE = YES_ERROR;
				CLANG_WARN_DOCUMENTATION_COMMENTS = YES;
				CLANG_WARN_EMPTY_BODY = YES;
				CLANG_WARN_ENUM_CONVERSION = YES;
				CLANG_WARN_INFINITE_RECURSION = YES;
				CLANG_WARN_INT_CONVERSION = YES;
				CLANG_WARN_OBJC_ROOT_CLASS = YES_ERROR;
				CLANG_WARN_SUSPICIOUS_MOVE = YES;
				CLANG_WARN_UNREACHABLE_CODE = YES;
				CLANG_WARN__DUPLICATE_METHOD_MATCH = YES;
				"CODE_SIGN_IDENTITY[sdk=iphoneos*]" = "iPhone Developer";
				COPY_PHASE_STRIP = NO;
				DEBUG_INFORMATION_FORMAT = "dwarf-with-dsym";
				ENABLE_NS_ASSERTIONS = NO;
				ENABLE_STRICT_OBJC_MSGSEND = YES;
				GCC_C_LANGUAGE_STANDARD = gnu99;
				GCC_NO_COMMON_BLOCKS = YES;
				GCC_WARN_64_TO_32_BIT_CONVERSION = YES;
				GCC_WARN_ABOUT_RETURN_TYPE = YES_ERROR;
				GCC_WARN_UNDECLARED_SELECTOR = YES;
				GCC_WARN_UNINITIALIZED_AUTOS = YES_AGGRESSIVE;
				GCC_WARN_UNUSED_FUNCTION = YES;
				GCC_WARN_UNUSED_VARIABLE = YES;
				IPHONEOS_DEPLOYMENT_TARGET = 10.2;
				MTL_ENABLE_DEBUG_INFO = NO;
				SDKROOT = iphoneos;
				VALIDATE_PRODUCT = YES;
			};
			name = Release;
		};
		5E0C7D5E1E6D93A90050A6E0 /* Debug */ = {
			isa = XCBuildConfiguration;
			buildSettings = {
				ASSETCATALOG_COMPILER_APPICON_NAME = AppIcon;
				DEVELOPMENT_TEAM = X496RVQDTB;
				INFOPLIST_FILE = XLCycleCollectionViewDemo/Info.plist;
				LD_RUNPATH_SEARCH_PATHS = "$(inherited) @executable_path/Frameworks";
				PRODUCT_BUNDLE_IDENTIFIER = mxl.XLCycleCollectionViewDemo;
				PRODUCT_NAME = "$(TARGET_NAME)";
			};
			name = Debug;
		};
		5E0C7D5F1E6D93A90050A6E0 /* Release */ = {
			isa = XCBuildConfiguration;
			buildSettings = {
				ASSETCATALOG_COMPILER_APPICON_NAME = AppIcon;
				DEVELOPMENT_TEAM = X496RVQDTB;
				INFOPLIST_FILE = XLCycleCollectionViewDemo/Info.plist;
				LD_RUNPATH_SEARCH_PATHS = "$(inherited) @executable_path/Frameworks";
				PRODUCT_BUNDLE_IDENTIFIER = mxl.XLCycleCollectionViewDemo;
				PRODUCT_NAME = "$(TARGET_NAME)";
			};
			name = Release;
		};
/* End XCBuildConfiguration section */

/* Begin XCConfigurationList section */
		5E0C7D411E6D93A90050A6E0 /* Build configuration list for PBXProject "XLCycleCollectionViewDemo" */ = {
			isa = XCConfigurationList;
			buildConfigurations = (
				5E0C7D5B1E6D93A90050A6E0 /* Debug */,
				5E0C7D5C1E6D93A90050A6E0 /* Release */,
			);
			defaultConfigurationIsVisible = 0;
			defaultConfigurationName = Release;
		};
		5E0C7D5D1E6D93A90050A6E0 /* Build configuration list for PBXNativeTarget "XLCycleCollectionViewDemo" */ = {
			isa = XCConfigurationList;
			buildConfigurations = (
				5E0C7D5E1E6D93A90050A6E0 /* Debug */,
				5E0C7D5F1E6D93A90050A6E0 /* Release */,
			);
			defaultConfigurationIsVisible = 0;
		};
/* End XCConfigurationList section */
	};
	rootObject = 5E0C7D3E1E6D93A90050A6E0 /* Project object */;
}
